// !$*UTF8*$!
{
	archiveVersion = 1;
	classes = {
	};
	objectVersion = 56;
	objects = {

/* Begin PBXBuildFile section */
		72754F7B2B6D074A0034A82F /* AppDelegate.swift in Sources */ = {isa = PBXBuildFile; fileRef = 72754F7A2B6D074A0034A82F /* AppDelegate.swift */; };
		72754F7D2B6D074A0034A82F /* SceneDelegate.swift in Sources */ = {isa = PBXBuildFile; fileRef = 72754F7C2B6D074A0034A82F /* SceneDelegate.swift */; };
		72754F842B6D074B0034A82F /* Assets.xcassets in Resources */ = {isa = PBXBuildFile; fileRef = 72754F832B6D074B0034A82F /* Assets.xcassets */; };
		72754F952B6D0BCA0034A82F /* CountryViewController.swift in Sources */ = {isa = PBXBuildFile; fileRef = 72754F942B6D0BCA0034A82F /* CountryViewController.swift */; };
		72754F972B6D0EB60034A82F /* Country.swift in Sources */ = {isa = PBXBuildFile; fileRef = 72754F962B6D0EB60034A82F /* Country.swift */; };
		72754F992B6D10920034A82F /* Request.swift in Sources */ = {isa = PBXBuildFile; fileRef = 72754F982B6D10920034A82F /* Request.swift */; };
		72754F9B2B6D10980034A82F /* Service.swift in Sources */ = {isa = PBXBuildFile; fileRef = 72754F9A2B6D10980034A82F /* Service.swift */; };
		72754F9D2B6D11260034A82F /* Endpoint.swift in Sources */ = {isa = PBXBuildFile; fileRef = 72754F9C2B6D11260034A82F /* Endpoint.swift */; };
		72754F9F2B6D14600034A82F /* CountryListView.swift in Sources */ = {isa = PBXBuildFile; fileRef = 72754F9E2B6D14600034A82F /* CountryListView.swift */; };
		72754FA12B6D14880034A82F /* CountryListViewViewModel.swift in Sources */ = {isa = PBXBuildFile; fileRef = 72754FA02B6D14880034A82F /* CountryListViewViewModel.swift */; };
		72754FA82B6D1D090034A82F /* CountryTableViewCell.swift in Sources */ = {isa = PBXBuildFile; fileRef = 72754FA72B6D1D090034A82F /* CountryTableViewCell.swift */; };
		72754FAA2B6D21280034A82F /* CountryTableViewCellViewModel.swift in Sources */ = {isa = PBXBuildFile; fileRef = 72754FA92B6D21280034A82F /* CountryTableViewCellViewModel.swift */; };
		72754FAC2B6D2AB70034A82F /* CountryDetailView.swift in Sources */ = {isa = PBXBuildFile; fileRef = 72754FAB2B6D2AB70034A82F /* CountryDetailView.swift */; };
		72754FAE2B6D2AC70034A82F /* CountryDetailViewViewModel.swift in Sources */ = {isa = PBXBuildFile; fileRef = 72754FAD2B6D2AC70034A82F /* CountryDetailViewViewModel.swift */; };
		72754FB32B6D2B280034A82F /* CountryDetailViewController.swift in Sources */ = {isa = PBXBuildFile; fileRef = 72754FB22B6D2B280034A82F /* CountryDetailViewController.swift */; };
/* End PBXBuildFile section */

/* Begin PBXFileReference section */
		72754F772B6D074A0034A82F /* ProjectPro5.app */ = {isa = PBXFileReference; explicitFileType = wrapper.application; includeInIndex = 0; path = ProjectPro5.app; sourceTree = BUILT_PRODUCTS_DIR; };
		72754F7A2B6D074A0034A82F /* AppDelegate.swift */ = {isa = PBXFileReference; lastKnownFileType = sourcecode.swift; path = AppDelegate.swift; sourceTree = "<group>"; };
		72754F7C2B6D074A0034A82F /* SceneDelegate.swift */ = {isa = PBXFileReference; lastKnownFileType = sourcecode.swift; path = SceneDelegate.swift; sourceTree = "<group>"; };
		72754F832B6D074B0034A82F /* Assets.xcassets */ = {isa = PBXFileReference; lastKnownFileType = folder.assetcatalog; path = Assets.xcassets; sourceTree = "<group>"; };
		72754F882B6D074B0034A82F /* Info.plist */ = {isa = PBXFileReference; lastKnownFileType = text.plist.xml; path = Info.plist; sourceTree = "<group>"; };
		72754F942B6D0BCA0034A82F /* CountryViewController.swift */ = {isa = PBXFileReference; lastKnownFileType = sourcecode.swift; path = CountryViewController.swift; sourceTree = "<group>"; };
		72754F962B6D0EB60034A82F /* Country.swift */ = {isa = PBXFileReference; lastKnownFileType = sourcecode.swift; path = Country.swift; sourceTree = "<group>"; };
		72754F982B6D10920034A82F /* Request.swift */ = {isa = PBXFileReference; lastKnownFileType = sourcecode.swift; path = Request.swift; sourceTree = "<group>"; };
		72754F9A2B6D10980034A82F /* Service.swift */ = {isa = PBXFileReference; lastKnownFileType = sourcecode.swift; path = Service.swift; sourceTree = "<group>"; };
		72754F9C2B6D11260034A82F /* Endpoint.swift */ = {isa = PBXFileReference; lastKnownFileType = sourcecode.swift; path = Endpoint.swift; sourceTree = "<group>"; };
		72754F9E2B6D14600034A82F /* CountryListView.swift */ = {isa = PBXFileReference; lastKnownFileType = sourcecode.swift; path = CountryListView.swift; sourceTree = "<group>"; };
		72754FA02B6D14880034A82F /* CountryListViewViewModel.swift */ = {isa = PBXFileReference; lastKnownFileType = sourcecode.swift; path = CountryListViewViewModel.swift; sourceTree = "<group>"; };
		72754FA72B6D1D090034A82F /* CountryTableViewCell.swift */ = {isa = PBXFileReference; lastKnownFileType = sourcecode.swift; path = CountryTableViewCell.swift; sourceTree = "<group>"; };
		72754FA92B6D21280034A82F /* CountryTableViewCellViewModel.swift */ = {isa = PBXFileReference; lastKnownFileType = sourcecode.swift; path = CountryTableViewCellViewModel.swift; sourceTree = "<group>"; };
		72754FAB2B6D2AB70034A82F /* CountryDetailView.swift */ = {isa = PBXFileReference; lastKnownFileType = sourcecode.swift; path = CountryDetailView.swift; sourceTree = "<group>"; };
		72754FAD2B6D2AC70034A82F /* CountryDetailViewViewModel.swift */ = {isa = PBXFileReference; lastKnownFileType = sourcecode.swift; path = CountryDetailViewViewModel.swift; sourceTree = "<group>"; };
		72754FB22B6D2B280034A82F /* CountryDetailViewController.swift */ = {isa = PBXFileReference; lastKnownFileType = sourcecode.swift; path = CountryDetailViewController.swift; sourceTree = "<group>"; };
/* End PBXFileReference section */

/* Begin PBXFrameworksBuildPhase section */
		72754F742B6D074A0034A82F /* Frameworks */ = {
			isa = PBXFrameworksBuildPhase;
			buildActionMask = 2147483647;
			files = (
			);
			runOnlyForDeploymentPostprocessing = 0;
		};
/* End PBXFrameworksBuildPhase section */

/* Begin PBXGroup section */
		72754F6E2B6D074A0034A82F = {
			isa = PBXGroup;
			children = (
				72754F792B6D074A0034A82F /* ProjectPro5 */,
				72754F782B6D074A0034A82F /* Products */,
			);
			sourceTree = "<group>";
		};
		72754F782B6D074A0034A82F /* Products */ = {
			isa = PBXGroup;
			children = (
				72754F772B6D074A0034A82F /* ProjectPro5.app */,
			);
			name = Products;
			sourceTree = "<group>";
		};
		72754F792B6D074A0034A82F /* ProjectPro5 */ = {
			isa = PBXGroup;
			children = (
				72754F912B6D08BC0034A82F /* Resources */,
				72754F922B6D08C40034A82F /* APIClient */,
				72754F932B6D08CD0034A82F /* Models */,
				72754F902B6D08B70034A82F /* Controllers */,
				72754F8F2B6D08B10034A82F /* ViewModels */,
				72754F8E2B6D08AD0034A82F /* Views */,
				72754F882B6D074B0034A82F /* Info.plist */,
			);
			path = ProjectPro5;
			sourceTree = "<group>";
		};
		72754F8E2B6D08AD0034A82F /* Views */ = {
			isa = PBXGroup;
			children = (
				72754F9E2B6D14600034A82F /* CountryListView.swift */,
				72754FA72B6D1D090034A82F /* CountryTableViewCell.swift */,
				72754FAB2B6D2AB70034A82F /* CountryDetailView.swift */,
			);
			path = Views;
			sourceTree = "<group>";
		};
		72754F8F2B6D08B10034A82F /* ViewModels */ = {
			isa = PBXGroup;
			children = (
				72754FA02B6D14880034A82F /* CountryListViewViewModel.swift */,
				72754FA92B6D21280034A82F /* CountryTableViewCellViewModel.swift */,
				72754FAD2B6D2AC70034A82F /* CountryDetailViewViewModel.swift */,
			);
			path = ViewModels;
			sourceTree = "<group>";
		};
		72754F902B6D08B70034A82F /* Controllers */ = {
			isa = PBXGroup;
			children = (
				72754FB02B6D2B030034A82F /* Other */,
				72754FAF2B6D2AFF0034A82F /* Core */,
			);
			path = Controllers;
			sourceTree = "<group>";
		};
		72754F912B6D08BC0034A82F /* Resources */ = {
			isa = PBXGroup;
			children = (
				72754F7A2B6D074A0034A82F /* AppDelegate.swift */,
				72754F7C2B6D074A0034A82F /* SceneDelegate.swift */,
				72754F832B6D074B0034A82F /* Assets.xcassets */,
			);
			path = Resources;
			sourceTree = "<group>";
		};
		72754F922B6D08C40034A82F /* APIClient */ = {
			isa = PBXGroup;
			children = (
				72754F982B6D10920034A82F /* Request.swift */,
				72754F9A2B6D10980034A82F /* Service.swift */,
				72754F9C2B6D11260034A82F /* Endpoint.swift */,
			);
			path = APIClient;
			sourceTree = "<group>";
		};
		72754F932B6D08CD0034A82F /* Models */ = {
			isa = PBXGroup;
			children = (
				72754FA32B6D18F40034A82F /* APIResponseTypes */,
				72754FA22B6D18EA0034A82F /* DataTypes */,
			);
			path = Models;
			sourceTree = "<group>";
		};
		72754FA22B6D18EA0034A82F /* DataTypes */ = {
			isa = PBXGroup;
			children = (
				72754F962B6D0EB60034A82F /* Country.swift */,
			);
			path = DataTypes;
			sourceTree = "<group>";
		};
		72754FA32B6D18F40034A82F /* APIResponseTypes */ = {
			isa = PBXGroup;
			children = (
			);
			path = APIResponseTypes;
			sourceTree = "<group>";
		};
		72754FAF2B6D2AFF0034A82F /* Core */ = {
			isa = PBXGroup;
			children = (
				72754F942B6D0BCA0034A82F /* CountryViewController.swift */,
			);
			path = Core;
			sourceTree = "<group>";
		};
		72754FB02B6D2B030034A82F /* Other */ = {
			isa = PBXGroup;
			children = (
				72754FB22B6D2B280034A82F /* CountryDetailViewController.swift */,
			);
			path = Other;
			sourceTree = "<group>";
		};
/* End PBXGroup section */

/* Begin PBXNativeTarget section */
		72754F762B6D074A0034A82F /* ProjectPro5 */ = {
			isa = PBXNativeTarget;
			buildConfigurationList = 72754F8B2B6D074B0034A82F /* Build configuration list for PBXNativeTarget "ProjectPro5" */;
			buildPhases = (
				72754F732B6D074A0034A82F /* Sources */,
				72754F742B6D074A0034A82F /* Frameworks */,
				72754F752B6D074A0034A82F /* Resources */,
			);
			buildRules = (
			);
			dependencies = (
			);
			name = ProjectPro5;
			productName = ProjectPro5;
			productReference = 72754F772B6D074A0034A82F /* ProjectPro5.app */;
			productType = "com.apple.product-type.application";
		};
/* End PBXNativeTarget section */

/* Begin PBXProject section */
		72754F6F2B6D074A0034A82F /* Project object */ = {
			isa = PBXProject;
			attributes = {
				BuildIndependentTargetsInParallel = 1;
				LastSwiftUpdateCheck = 1510;
				LastUpgradeCheck = 1510;
				TargetAttributes = {
					72754F762B6D074A0034A82F = {
						CreatedOnToolsVersion = 15.1;
					};
				};
			};
			buildConfigurationList = 72754F722B6D074A0034A82F /* Build configuration list for PBXProject "ProjectPro5" */;
			compatibilityVersion = "Xcode 14.0";
			developmentRegion = en;
			hasScannedForEncodings = 0;
			knownRegions = (
				en,
				Base,
			);
			mainGroup = 72754F6E2B6D074A0034A82F;
			productRefGroup = 72754F782B6D074A0034A82F /* Products */;
			projectDirPath = "";
			projectRoot = "";
			targets = (
				72754F762B6D074A0034A82F /* ProjectPro5 */,
			);
		};
/* End PBXProject section */

/* Begin PBXResourcesBuildPhase section */
		72754F752B6D074A0034A82F /* Resources */ = {
			isa = PBXResourcesBuildPhase;
			buildActionMask = 2147483647;
			files = (
				72754F842B6D074B0034A82F /* Assets.xcassets in Resources */,
			);
			runOnlyForDeploymentPostprocessing = 0;
		};
/* End PBXResourcesBuildPhase section */

/* Begin PBXSourcesBuildPhase section */
		72754F732B6D074A0034A82F /* Sources */ = {
			isa = PBXSourcesBuildPhase;
			buildActionMask = 2147483647;
			files = (
				72754FAC2B6D2AB70034A82F /* CountryDetailView.swift in Sources */,
				72754F9D2B6D11260034A82F /* Endpoint.swift in Sources */,
				72754F972B6D0EB60034A82F /* Country.swift in Sources */,
				72754F952B6D0BCA0034A82F /* CountryViewController.swift in Sources */,
				72754FA82B6D1D090034A82F /* CountryTableViewCell.swift in Sources */,
				72754F9F2B6D14600034A82F /* CountryListView.swift in Sources */,
				72754FAE2B6D2AC70034A82F /* CountryDetailViewViewModel.swift in Sources */,
				72754FAA2B6D21280034A82F /* CountryTableViewCellViewModel.swift in Sources */,
				72754FA12B6D14880034A82F /* CountryListViewViewModel.swift in Sources */,
				72754F992B6D10920034A82F /* Request.swift in Sources */,
				72754FB32B6D2B280034A82F /* CountryDetailViewController.swift in Sources */,
				72754F7B2B6D074A0034A82F /* AppDelegate.swift in Sources */,
				72754F7D2B6D074A0034A82F /* SceneDelegate.swift in Sources */,
				72754F9B2B6D10980034A82F /* Service.swift in Sources */,
			);
			runOnlyForDeploymentPostprocessing = 0;
		};
/* End PBXSourcesBuildPhase section */

/* Begin XCBuildConfiguration section */
		72754F892B6D074B0034A82F /* Debug */ = {
			isa = XCBuildConfiguration;
			buildSettings = {
				ALWAYS_SEARCH_USER_PATHS = NO;
				ASSETCATALOG_COMPILER_GENERATE_SWIFT_ASSET_SYMBOL_EXTENSIONS = YES;
				CLANG_ANALYZER_NONNULL = YES;
				CLANG_ANALYZER_NUMBER_OBJECT_CONVERSION = YES_AGGRESSIVE;
				CLANG_CXX_LANGUAGE_STANDARD = "gnu++20";
				CLANG_ENABLE_MODULES = YES;
				CLANG_ENABLE_OBJC_ARC = YES;
				CLANG_ENABLE_OBJC_WEAK = YES;
				CLANG_WARN_BLOCK_CAPTURE_AUTORELEASING = YES;
				CLANG_WARN_BOOL_CONVERSION = YES;
				CLANG_WARN_COMMA = YES;
				CLANG_WARN_CONSTANT_CONVERSION = YES;
				CLANG_WARN_DEPRECATED_OBJC_IMPLEMENTATIONS = YES;
				CLANG_WARN_DIRECT_OBJC_ISA_USAGE = YES_ERROR;
				CLANG_WARN_DOCUMENTATION_COMMENTS = YES;
				CLANG_WARN_EMPTY_BODY = YES;
				CLANG_WARN_ENUM_CONVERSION = YES;
				CLANG_WARN_INFINITE_RECURSION = YES;
				CLANG_WARN_INT_CONVERSION = YES;
				CLANG_WARN_NON_LITERAL_NULL_CONVERSION = YES;
				CLANG_WARN_OBJC_IMPLICIT_RETAIN_SELF = YES;
				CLANG_WARN_OBJC_LITERAL_CONVERSION = YES;
				CLANG_WARN_OBJC_ROOT_CLASS = YES_ERROR;
				CLANG_WARN_QUOTED_INCLUDE_IN_FRAMEWORK_HEADER = YES;
				CLANG_WARN_RANGE_LOOP_ANALYSIS = YES;
				CLANG_WARN_STRICT_PROTOTYPES = YES;
				CLANG_WARN_SUSPICIOUS_MOVE = YES;
				CLANG_WARN_UNGUARDED_AVAILABILITY = YES_AGGRESSIVE;
				CLANG_WARN_UNREACHABLE_CODE = YES;
				CLANG_WARN__DUPLICATE_METHOD_MATCH = YES;
				COPY_PHASE_STRIP = NO;
				DEBUG_INFORMATION_FORMAT = dwarf;
				ENABLE_STRICT_OBJC_MSGSEND = YES;
				ENABLE_TESTABILITY = YES;
				ENABLE_USER_SCRIPT_SANDBOXING = YES;
				GCC_C_LANGUAGE_STANDARD = gnu17;
				GCC_DYNAMIC_NO_PIC = NO;
				GCC_NO_COMMON_BLOCKS = YES;
				GCC_OPTIMIZATION_LEVEL = 0;
				GCC_PREPROCESSOR_DEFINITIONS = (
					"DEBUG=1",
					"$(inherited)",
				);
				GCC_WARN_64_TO_32_BIT_CONVERSION = YES;
				GCC_WARN_ABOUT_RETURN_TYPE = YES_ERROR;
				GCC_WARN_UNDECLARED_SELECTOR = YES;
				GCC_WARN_UNINITIALIZED_AUTOS = YES_AGGRESSIVE;
				GCC_WARN_UNUSED_FUNCTION = YES;
				GCC_WARN_UNUSED_VARIABLE = YES;
				IPHONEOS_DEPLOYMENT_TARGET = 17.2;
				LOCALIZATION_PREFERS_STRING_CATALOGS = YES;
				MTL_ENABLE_DEBUG_INFO = INCLUDE_SOURCE;
				MTL_FAST_MATH = YES;
				ONLY_ACTIVE_ARCH = YES;
				SDKROOT = iphoneos;
				SWIFT_ACTIVE_COMPILATION_CONDITIONS = "DEBUG $(inherited)";
				SWIFT_OPTIMIZATION_LEVEL = "-Onone";
			};
			name = Debug;
		};
		72754F8A2B6D074B0034A82F /* Release */ = {
			isa = XCBuildConfiguration;
			buildSettings = {
				ALWAYS_SEARCH_USER_PATHS = NO;
				ASSETCATALOG_COMPILER_GENERATE_SWIFT_ASSET_SYMBOL_EXTENSIONS = YES;
				CLANG_ANALYZER_NONNULL = YES;
				CLANG_ANALYZER_NUMBER_OBJECT_CONVERSION = YES_AGGRESSIVE;
				CLANG_CXX_LANGUAGE_STANDARD = "gnu++20";
				CLANG_ENABLE_MODULES = YES;
				CLANG_ENABLE_OBJC_ARC = YES;
				CLANG_ENABLE_OBJC_WEAK = YES;
				CLANG_WARN_BLOCK_CAPTURE_AUTORELEASING = YES;
				CLANG_WARN_BOOL_CONVERSION = YES;
				CLANG_WARN_COMMA = YES;
				CLANG_WARN_CONSTANT_CONVERSION = YES;
				CLANG_WARN_DEPRECATED_OBJC_IMPLEMENTATIONS = YES;
				CLANG_WARN_DIRECT_OBJC_ISA_USAGE = YES_ERROR;
				CLANG_WARN_DOCUMENTATION_COMMENTS = YES;
				CLANG_WARN_EMPTY_BODY = YES;
				CLANG_WARN_ENUM_CONVERSION = YES;
				CLANG_WARN_INFINITE_RECURSION = YES;
				CLANG_WARN_INT_CONVERSION = YES;
				CLANG_WARN_NON_LITERAL_NULL_CONVERSION = YES;
				CLANG_WARN_OBJC_IMPLICIT_RETAIN_SELF = YES;
				CLANG_WARN_OBJC_LITERAL_CONVERSION = YES;
				CLANG_WARN_OBJC_ROOT_CLASS = YES_ERROR;
				CLANG_WARN_QUOTED_INCLUDE_IN_FRAMEWORK_HEADER = YES;
				CLANG_WARN_RANGE_LOOP_ANALYSIS = YES;
				CLANG_WARN_STRICT_PROTOTYPES = YES;
				CLANG_WARN_SUSPICIOUS_MOVE = YES;
				CLANG_WARN_UNGUARDED_AVAILABILITY = YES_AGGRESSIVE;
				CLANG_WARN_UNREACHABLE_CODE = YES;
				CLANG_WARN__DUPLICATE_METHOD_MATCH = YES;
				COPY_PHASE_STRIP = NO;
				DEBUG_INFORMATION_FORMAT = "dwarf-with-dsym";
				ENABLE_NS_ASSERTIONS = NO;
				ENABLE_STRICT_OBJC_MSGSEND = YES;
				ENABLE_USER_SCRIPT_SANDBOXING = YES;
				GCC_C_LANGUAGE_STANDARD = gnu17;
				GCC_NO_COMMON_BLOCKS = YES;
				GCC_WARN_64_TO_32_BIT_CONVERSION = YES;
				GCC_WARN_ABOUT_RETURN_TYPE = YES_ERROR;
				GCC_WARN_UNDECLARED_SELECTOR = YES;
				GCC_WARN_UNINITIALIZED_AUTOS = YES_AGGRESSIVE;
				GCC_WARN_UNUSED_FUNCTION = YES;
				GCC_WARN_UNUSED_VARIABLE = YES;
				IPHONEOS_DEPLOYMENT_TARGET = 17.2;
				LOCALIZATION_PREFERS_STRING_CATALOGS = YES;
				MTL_ENABLE_DEBUG_INFO = NO;
				MTL_FAST_MATH = YES;
				SDKROOT = iphoneos;
				SWIFT_COMPILATION_MODE = wholemodule;
				VALIDATE_PRODUCT = YES;
			};
			name = Release;
		};
		72754F8C2B6D074B0034A82F /* Debug */ = {
			isa = XCBuildConfiguration;
			buildSettings = {
				ASSETCATALOG_COMPILER_APPICON_NAME = AppIcon;
				ASSETCATALOG_COMPILER_GLOBAL_ACCENT_COLOR_NAME = AccentColor;
				CODE_SIGN_STYLE = Automatic;
				CURRENT_PROJECT_VERSION = 1;
				DEVELOPMENT_TEAM = NJVM2X728T;
				GENERATE_INFOPLIST_FILE = YES;
				INFOPLIST_FILE = ProjectPro5/Info.plist;
				INFOPLIST_KEY_UIApplicationSupportsIndirectInputEvents = YES;
				INFOPLIST_KEY_UILaunchStoryboardName = LaunchScreen;
				INFOPLIST_KEY_UISupportedInterfaceOrientations_iPad = "UIInterfaceOrientationPortrait UIInterfaceOrientationPortraitUpsideDown UIInterfaceOrientationLandscapeLeft UIInterfaceOrientationLandscapeRight";
				INFOPLIST_KEY_UISupportedInterfaceOrientations_iPhone = "UIInterfaceOrientationPortrait UIInterfaceOrientationLandscapeLeft UIInterfaceOrientationLandscapeRight";
				LD_RUNPATH_SEARCH_PATHS = (
					"$(inherited)",
					"@executable_path/Frameworks",
				);
				MARKETING_VERSION = 1.0;
				PRODUCT_BUNDLE_IDENTIFIER = com.chingizagha.ProjectPro5;
				PRODUCT_NAME = "$(TARGET_NAME)";
				SWIFT_EMIT_LOC_STRINGS = YES;
				SWIFT_VERSION = 5.0;
				TARGETED_DEVICE_FAMILY = "1,2";
			};
			name = Debug;
		};
		72754F8D2B6D074B0034A82F /* Release */ = {
			isa = XCBuildConfiguration;
			buildSettings = {
				ASSETCATALOG_COMPILER_APPICON_NAME = AppIcon;
				ASSETCATALOG_COMPILER_GLOBAL_ACCENT_COLOR_NAME = AccentColor;
				CODE_SIGN_STYLE = Automatic;
				CURRENT_PROJECT_VERSION = 1;
				DEVELOPMENT_TEAM = NJVM2X728T;
				GENERATE_INFOPLIST_FILE = YES;
				INFOPLIST_FILE = ProjectPro5/Info.plist;
				INFOPLIST_KEY_UIApplicationSupportsIndirectInputEvents = YES;
				INFOPLIST_KEY_UILaunchStoryboardName = LaunchScreen;
				INFOPLIST_KEY_UISupportedInterfaceOrientations_iPad = "UIInterfaceOrientationPortrait UIInterfaceOrientationPortraitUpsideDown UIInterfaceOrientationLandscapeLeft UIInterfaceOrientationLandscapeRight";
				INFOPLIST_KEY_UISupportedInterfaceOrientations_iPhone = "UIInterfaceOrientationPortrait UIInterfaceOrientationLandscapeLeft UIInterfaceOrientationLandscapeRight";
				LD_RUNPATH_SEARCH_PATHS = (
					"$(inherited)",
					"@executable_path/Frameworks",
				);
				MARKETING_VERSION = 1.0;
				PRODUCT_BUNDLE_IDENTIFIER = com.chingizagha.ProjectPro5;
				PRODUCT_NAME = "$(TARGET_NAME)";
				SWIFT_EMIT_LOC_STRINGS = YES;
				SWIFT_VERSION = 5.0;
				TARGETED_DEVICE_FAMILY = "1,2";
			};
			name = Release;
		};
/* End XCBuildConfiguration section */

/* Begin XCConfigurationList section */
		72754F722B6D074A0034A82F /* Build configuration list for PBXProject "ProjectPro5" */ = {
			isa = XCConfigurationList;
			buildConfigurations = (
				72754F892B6D074B0034A82F /* Debug */,
				72754F8A2B6D074B0034A82F /* Release */,
			);
			defaultConfigurationIsVisible = 0;
			defaultConfigurationName = Release;
		};
		72754F8B2B6D074B0034A82F /* Build configuration list for PBXNativeTarget "ProjectPro5" */ = {
			isa = XCConfigurationList;
			buildConfigurations = (
				72754F8C2B6D074B0034A82F /* Debug */,
				72754F8D2B6D074B0034A82F /* Release */,
			);
			defaultConfigurationIsVisible = 0;
			defaultConfigurationName = Release;
		};
/* End XCConfigurationList section */
	};
	rootObject = 72754F6F2B6D074A0034A82F /* Project object */;
}
